// !$*UTF8*$!
{
	archiveVersion = 1;
	classes = {
	};
	objectVersion = 56;
	objects = {

/* Begin PBXBuildFile section */
		858412712A3BB1F4006B541F /* AppDelegate.swift in Sources */ = {isa = PBXBuildFile; fileRef = 858412702A3BB1F4006B541F /* AppDelegate.swift */; };
		858412732A3BB1F4006B541F /* SceneDelegate.swift in Sources */ = {isa = PBXBuildFile; fileRef = 858412722A3BB1F4006B541F /* SceneDelegate.swift */; };
		858412752A3BB1F4006B541F /* ViewController.swift in Sources */ = {isa = PBXBuildFile; fileRef = 858412742A3BB1F4006B541F /* ViewController.swift */; };
		858412782A3BB1F4006B541F /* Main.storyboard in Resources */ = {isa = PBXBuildFile; fileRef = 858412762A3BB1F4006B541F /* Main.storyboard */; };
		8584127A2A3BB1F5006B541F /* Assets.xcassets in Resources */ = {isa = PBXBuildFile; fileRef = 858412792A3BB1F5006B541F /* Assets.xcassets */; };
		8584127D2A3BB1F5006B541F /* LaunchScreen.storyboard in Resources */ = {isa = PBXBuildFile; fileRef = 8584127B2A3BB1F5006B541F /* LaunchScreen.storyboard */; };
		858412862A3BB222006B541F /* TableViewCell.swift in Sources */ = {isa = PBXBuildFile; fileRef = 858412842A3BB222006B541F /* TableViewCell.swift */; };
		858412872A3BB222006B541F /* TableViewCell.xib in Resources */ = {isa = PBXBuildFile; fileRef = 858412852A3BB222006B541F /* TableViewCell.xib */; };
		8584128D2A3BB638006B541F /* MemesAPI.swift in Sources */ = {isa = PBXBuildFile; fileRef = 8584128C2A3BB638006B541F /* MemesAPI.swift */; };
/* End PBXBuildFile section */

/* Begin PBXFileReference section */
		8584126D2A3BB1F4006B541F /* Memes (Networking).app */ = {isa = PBXFileReference; explicitFileType = wrapper.application; includeInIndex = 0; path = "Memes (Networking).app"; sourceTree = BUILT_PRODUCTS_DIR; };
		858412702A3BB1F4006B541F /* AppDelegate.swift */ = {isa = PBXFileReference; lastKnownFileType = sourcecode.swift; path = AppDelegate.swift; sourceTree = "<group>"; };
		858412722A3BB1F4006B541F /* SceneDelegate.swift */ = {isa = PBXFileReference; lastKnownFileType = sourcecode.swift; path = SceneDelegate.swift; sourceTree = "<group>"; };
		858412742A3BB1F4006B541F /* ViewController.swift */ = {isa = PBXFileReference; lastKnownFileType = sourcecode.swift; path = ViewController.swift; sourceTree = "<group>"; };
		858412772A3BB1F4006B541F /* Base */ = {isa = PBXFileReference; lastKnownFileType = file.storyboard; name = Base; path = Base.lproj/Main.storyboard; sourceTree = "<group>"; };
		858412792A3BB1F5006B541F /* Assets.xcassets */ = {isa = PBXFileReference; lastKnownFileType = folder.assetcatalog; path = Assets.xcassets; sourceTree = "<group>"; };
		8584127C2A3BB1F5006B541F /* Base */ = {isa = PBXFileReference; lastKnownFileType = file.storyboard; name = Base; path = Base.lproj/LaunchScreen.storyboard; sourceTree = "<group>"; };
		8584127E2A3BB1F5006B541F /* Info.plist */ = {isa = PBXFileReference; lastKnownFileType = text.plist.xml; path = Info.plist; sourceTree = "<group>"; };
		858412842A3BB222006B541F /* TableViewCell.swift */ = {isa = PBXFileReference; lastKnownFileType = sourcecode.swift; path = TableViewCell.swift; sourceTree = "<group>"; };
		858412852A3BB222006B541F /* TableViewCell.xib */ = {isa = PBXFileReference; lastKnownFileType = file.xib; path = TableViewCell.xib; sourceTree = "<group>"; };
		8584128C2A3BB638006B541F /* MemesAPI.swift */ = {isa = PBXFileReference; lastKnownFileType = sourcecode.swift; path = MemesAPI.swift; sourceTree = "<group>"; };
/* End PBXFileReference section */

/* Begin PBXFrameworksBuildPhase section */
		8584126A2A3BB1F4006B541F /* Frameworks */ = {
			isa = PBXFrameworksBuildPhase;
			buildActionMask = 2147483647;
			files = (
			);
			runOnlyForDeploymentPostprocessing = 0;
		};
/* End PBXFrameworksBuildPhase section */

/* Begin PBXGroup section */
		8553D6D72A3C00A800DA427B /* Common */ = {
			isa = PBXGroup;
			children = (
				858412702A3BB1F4006B541F /* AppDelegate.swift */,
				858412722A3BB1F4006B541F /* SceneDelegate.swift */,
			);
			path = Common;
			sourceTree = "<group>";
		};
		858412642A3BB1F4006B541F = {
			isa = PBXGroup;
			children = (
				8584126F2A3BB1F4006B541F /* Memes (Networking) */,
				8584126E2A3BB1F4006B541F /* Products */,
			);
			sourceTree = "<group>";
		};
		8584126E2A3BB1F4006B541F /* Products */ = {
			isa = PBXGroup;
			children = (
				8584126D2A3BB1F4006B541F /* Memes (Networking).app */,
			);
			name = Products;
			sourceTree = "<group>";
		};
		8584126F2A3BB1F4006B541F /* Memes (Networking) */ = {
			isa = PBXGroup;
			children = (
				8553D6D72A3C00A800DA427B /* Common */,
				858412882A3BB22C006B541F /* Table View Cell */,
				8584128C2A3BB638006B541F /* MemesAPI.swift */,
				858412742A3BB1F4006B541F /* ViewController.swift */,
				858412762A3BB1F4006B541F /* Main.storyboard */,
				858412792A3BB1F5006B541F /* Assets.xcassets */,
				8584127B2A3BB1F5006B541F /* LaunchScreen.storyboard */,
				8584127E2A3BB1F5006B541F /* Info.plist */,
			);
			path = "Memes (Networking)";
			sourceTree = "<group>";
		};
		858412882A3BB22C006B541F /* Table View Cell */ = {
			isa = PBXGroup;
			children = (
				858412842A3BB222006B541F /* TableViewCell.swift */,
				858412852A3BB222006B541F /* TableViewCell.xib */,
			);
			path = "Table View Cell";
			sourceTree = "<group>";
		};
/* End PBXGroup section */

/* Begin PBXNativeTarget section */
		8584126C2A3BB1F4006B541F /* Memes (Networking) */ = {
			isa = PBXNativeTarget;
			buildConfigurationList = 858412812A3BB1F5006B541F /* Build configuration list for PBXNativeTarget "Memes (Networking)" */;
			buildPhases = (
				858412692A3BB1F4006B541F /* Sources */,
				8584126A2A3BB1F4006B541F /* Frameworks */,
				8584126B2A3BB1F4006B541F /* Resources */,
			);
			buildRules = (
			);
			dependencies = (
			);
			name = "Memes (Networking)";
			productName = "Memes (Networking)";
			productReference = 8584126D2A3BB1F4006B541F /* Memes (Networking).app */;
			productType = "com.apple.product-type.application";
		};
/* End PBXNativeTarget section */

/* Begin PBXProject section */
		858412652A3BB1F4006B541F /* Project object */ = {
			isa = PBXProject;
			attributes = {
				BuildIndependentTargetsInParallel = 1;
				LastSwiftUpdateCheck = 1430;
				LastUpgradeCheck = 1430;
				TargetAttributes = {
					8584126C2A3BB1F4006B541F = {
						CreatedOnToolsVersion = 14.3.1;
					};
				};
			};
			buildConfigurationList = 858412682A3BB1F4006B541F /* Build configuration list for PBXProject "Memes (Networking)" */;
			compatibilityVersion = "Xcode 14.0";
			developmentRegion = en;
			hasScannedForEncodings = 0;
			knownRegions = (
				en,
				Base,
			);
			mainGroup = 858412642A3BB1F4006B541F;
			productRefGroup = 8584126E2A3BB1F4006B541F /* Products */;
			projectDirPath = "";
			projectRoot = "";
			targets = (
				8584126C2A3BB1F4006B541F /* Memes (Networking) */,
			);
		};
/* End PBXProject section */

/* Begin PBXResourcesBuildPhase section */
		8584126B2A3BB1F4006B541F /* Resources */ = {
			isa = PBXResourcesBuildPhase;
			buildActionMask = 2147483647;
			files = (
				8584127D2A3BB1F5006B541F /* LaunchScreen.storyboard in Resources */,
				858412872A3BB222006B541F /* TableViewCell.xib in Resources */,
				8584127A2A3BB1F5006B541F /* Assets.xcassets in Resources */,
				858412782A3BB1F4006B541F /* Main.storyboard in Resources */,
			);
			runOnlyForDeploymentPostprocessing = 0;
		};
/* End PBXResourcesBuildPhase section */

/* Begin PBXSourcesBuildPhase section */
		858412692A3BB1F4006B541F /* Sources */ = {
			isa = PBXSourcesBuildPhase;
			buildActionMask = 2147483647;
			files = (
				858412752A3BB1F4006B541F /* ViewController.swift in Sources */,
				858412862A3BB222006B541F /* TableViewCell.swift in Sources */,
				8584128D2A3BB638006B541F /* MemesAPI.swift in Sources */,
				858412712A3BB1F4006B541F /* AppDelegate.swift in Sources */,
				858412732A3BB1F4006B541F /* SceneDelegate.swift in Sources */,
			);
			runOnlyForDeploymentPostprocessing = 0;
		};
/* End PBXSourcesBuildPhase section */

/* Begin PBXVariantGroup section */
		858412762A3BB1F4006B541F /* Main.storyboard */ = {
			isa = PBXVariantGroup;
			children = (
				858412772A3BB1F4006B541F /* Base */,
			);
			name = Main.storyboard;
			sourceTree = "<group>";
		};
		8584127B2A3BB1F5006B541F /* LaunchScreen.storyboard */ = {
			isa = PBXVariantGroup;
			children = (
				8584127C2A3BB1F5006B541F /* Base */,
			);
			name = LaunchScreen.storyboard;
			sourceTree = "<group>";
		};
/* End PBXVariantGroup section */

/* Begin XCBuildConfiguration section */
		8584127F2A3BB1F5006B541F /* Debug */ = {
			isa = XCBuildConfiguration;
			buildSettings = {
				ALWAYS_SEARCH_USER_PATHS = NO;
				CLANG_ANALYZER_NONNULL = YES;
				CLANG_ANALYZER_NUMBER_OBJECT_CONVERSION = YES_AGGRESSIVE;
				CLANG_CXX_LANGUAGE_STANDARD = "gnu++20";
				CLANG_ENABLE_MODULES = YES;
				CLANG_ENABLE_OBJC_ARC = YES;
				CLANG_ENABLE_OBJC_WEAK = YES;
				CLANG_WARN_BLOCK_CAPTURE_AUTORELEASING = YES;
				CLANG_WARN_BOOL_CONVERSION = YES;
				CLANG_WARN_COMMA = YES;
				CLANG_WARN_CONSTANT_CONVERSION = YES;
				CLANG_WARN_DEPRECATED_OBJC_IMPLEMENTATIONS = YES;
				CLANG_WARN_DIRECT_OBJC_ISA_USAGE = YES_ERROR;
				CLANG_WARN_DOCUMENTATION_COMMENTS = YES;
				CLANG_WARN_EMPTY_BODY = YES;
				CLANG_WARN_ENUM_CONVERSION = YES;
				CLANG_WARN_INFINITE_RECURSION = YES;
				CLANG_WARN_INT_CONVERSION = YES;
				CLANG_WARN_NON_LITERAL_NULL_CONVERSION = YES;
				CLANG_WARN_OBJC_IMPLICIT_RETAIN_SELF = YES;
				CLANG_WARN_OBJC_LITERAL_CONVERSION = YES;
				CLANG_WARN_OBJC_ROOT_CLASS = YES_ERROR;
				CLANG_WARN_QUOTED_INCLUDE_IN_FRAMEWORK_HEADER = YES;
				CLANG_WARN_RANGE_LOOP_ANALYSIS = YES;
				CLANG_WARN_STRICT_PROTOTYPES = YES;
				CLANG_WARN_SUSPICIOUS_MOVE = YES;
				CLANG_WARN_UNGUARDED_AVAILABILITY = YES_AGGRESSIVE;
				CLANG_WARN_UNREACHABLE_CODE = YES;
				CLANG_WARN__DUPLICATE_METHOD_MATCH = YES;
				COPY_PHASE_STRIP = NO;
				DEBUG_INFORMATION_FORMAT = dwarf;
				ENABLE_STRICT_OBJC_MSGSEND = YES;
				ENABLE_TESTABILITY = YES;
				GCC_C_LANGUAGE_STANDARD = gnu11;
				GCC_DYNAMIC_NO_PIC = NO;
				GCC_NO_COMMON_BLOCKS = YES;
				GCC_OPTIMIZATION_LEVEL = 0;
				GCC_PREPROCESSOR_DEFINITIONS = (
					"DEBUG=1",
					"$(inherited)",
				);
				GCC_WARN_64_TO_32_BIT_CONVERSION = YES;
				GCC_WARN_ABOUT_RETURN_TYPE = YES_ERROR;
				GCC_WARN_UNDECLARED_SELECTOR = YES;
				GCC_WARN_UNINITIALIZED_AUTOS = YES_AGGRESSIVE;
				GCC_WARN_UNUSED_FUNCTION = YES;
				GCC_WARN_UNUSED_VARIABLE = YES;
				IPHONEOS_DEPLOYMENT_TARGET = 16.4;
				MTL_ENABLE_DEBUG_INFO = INCLUDE_SOURCE;
				MTL_FAST_MATH = YES;
				ONLY_ACTIVE_ARCH = YES;
				SDKROOT = iphoneos;
				SWIFT_ACTIVE_COMPILATION_CONDITIONS = DEBUG;
				SWIFT_OPTIMIZATION_LEVEL = "-Onone";
			};
			name = Debug;
		};
		858412802A3BB1F5006B541F /* Release */ = {
			isa = XCBuildConfiguration;
			buildSettings = {
				ALWAYS_SEARCH_USER_PATHS = NO;
				CLANG_ANALYZER_NONNULL = YES;
				CLANG_ANALYZER_NUMBER_OBJECT_CONVERSION = YES_AGGRESSIVE;
				CLANG_CXX_LANGUAGE_STANDARD = "gnu++20";
				CLANG_ENABLE_MODULES = YES;
				CLANG_ENABLE_OBJC_ARC = YES;
				CLANG_ENABLE_OBJC_WEAK = YES;
				CLANG_WARN_BLOCK_CAPTURE_AUTORELEASING = YES;
				CLANG_WARN_BOOL_CONVERSION = YES;
				CLANG_WARN_COMMA = YES;
				CLANG_WARN_CONSTANT_CONVERSION = YES;
				CLANG_WARN_DEPRECATED_OBJC_IMPLEMENTATIONS = YES;
				CLANG_WARN_DIRECT_OBJC_ISA_USAGE = YES_ERROR;
				CLANG_WARN_DOCUMENTATION_COMMENTS = YES;
				CLANG_WARN_EMPTY_BODY = YES;
				CLANG_WARN_ENUM_CONVERSION = YES;
				CLANG_WARN_INFINITE_RECURSION = YES;
				CLANG_WARN_INT_CONVERSION = YES;
				CLANG_WARN_NON_LITERAL_NULL_CONVERSION = YES;
				CLANG_WARN_OBJC_IMPLICIT_RETAIN_SELF = YES;
				CLANG_WARN_OBJC_LITERAL_CONVERSION = YES;
				CLANG_WARN_OBJC_ROOT_CLASS = YES_ERROR;
				CLANG_WARN_QUOTED_INCLUDE_IN_FRAMEWORK_HEADER = YES;
				CLANG_WARN_RANGE_LOOP_ANALYSIS = YES;
				CLANG_WARN_STRICT_PROTOTYPES = YES;
				CLANG_WARN_SUSPICIOUS_MOVE = YES;
				CLANG_WARN_UNGUARDED_AVAILABILITY = YES_AGGRESSIVE;
				CLANG_WARN_UNREACHABLE_CODE = YES;
				CLANG_WARN__DUPLICATE_METHOD_MATCH = YES;
				COPY_PHASE_STRIP = NO;
				DEBUG_INFORMATION_FORMAT = "dwarf-with-dsym";
				ENABLE_NS_ASSERTIONS = NO;
				ENABLE_STRICT_OBJC_MSGSEND = YES;
				GCC_C_LANGUAGE_STANDARD = gnu11;
				GCC_NO_COMMON_BLOCKS = YES;
				GCC_WARN_64_TO_32_BIT_CONVERSION = YES;
				GCC_WARN_ABOUT_RETURN_TYPE = YES_ERROR;
				GCC_WARN_UNDECLARED_SELECTOR = YES;
				GCC_WARN_UNINITIALIZED_AUTOS = YES_AGGRESSIVE;
				GCC_WARN_UNUSED_FUNCTION = YES;
				GCC_WARN_UNUSED_VARIABLE = YES;
				IPHONEOS_DEPLOYMENT_TARGET = 16.4;
				MTL_ENABLE_DEBUG_INFO = NO;
				MTL_FAST_MATH = YES;
				SDKROOT = iphoneos;
				SWIFT_COMPILATION_MODE = wholemodule;
				SWIFT_OPTIMIZATION_LEVEL = "-O";
				VALIDATE_PRODUCT = YES;
			};
			name = Release;
		};
		858412822A3BB1F5006B541F /* Debug */ = {
			isa = XCBuildConfiguration;
			buildSettings = {
				ASSETCATALOG_COMPILER_APPICON_NAME = AppIcon;
				ASSETCATALOG_COMPILER_GLOBAL_ACCENT_COLOR_NAME = AccentColor;
				CODE_SIGN_STYLE = Automatic;
				CURRENT_PROJECT_VERSION = 1;
				GENERATE_INFOPLIST_FILE = YES;
				INFOPLIST_FILE = "Memes (Networking)/Info.plist";
				INFOPLIST_KEY_UIApplicationSupportsIndirectInputEvents = YES;
				INFOPLIST_KEY_UILaunchStoryboardName = LaunchScreen;
				INFOPLIST_KEY_UIMainStoryboardFile = Main;
				INFOPLIST_KEY_UISupportedInterfaceOrientations = UIInterfaceOrientationPortrait;
				INFOPLIST_KEY_UISupportedInterfaceOrientations_iPad = "UIInterfaceOrientationLandscapeLeft UIInterfaceOrientationLandscapeRight UIInterfaceOrientationPortrait UIInterfaceOrientationPortraitUpsideDown";
				LD_RUNPATH_SEARCH_PATHS = (
					"$(inherited)",
					"@executable_path/Frameworks",
				);
				MARKETING_VERSION = 1.0;
				PRODUCT_BUNDLE_IDENTIFIER = "com.yvelazeMagariKompania.ge.Memes--Networking-";
				PRODUCT_NAME = "$(TARGET_NAME)";
				SWIFT_EMIT_LOC_STRINGS = YES;
				SWIFT_VERSION = 5.0;
				TARGETED_DEVICE_FAMILY = "1,2";
			};
			name = Debug;
		};
		858412832A3BB1F5006B541F /* Release */ = {
			isa = XCBuildConfiguration;
			buildSettings = {
				ASSETCATALOG_COMPILER_APPICON_NAME = AppIcon;
				ASSETCATALOG_COMPILER_GLOBAL_ACCENT_COLOR_NAME = AccentColor;
				CODE_SIGN_STYLE = Automatic;
				CURRENT_PROJECT_VERSION = 1;
				GENERATE_INFOPLIST_FILE = YES;
				INFOPLIST_FILE = "Memes (Networking)/Info.plist";
				INFOPLIST_KEY_UIApplicationSupportsIndirectInputEvents = YES;
				INFOPLIST_KEY_UILaunchStoryboardName = LaunchScreen;
				INFOPLIST_KEY_UIMainStoryboardFile = Main;
				INFOPLIST_KEY_UISupportedInterfaceOrientations = UIInterfaceOrientationPortrait;
				INFOPLIST_KEY_UISupportedInterfaceOrientations_iPad = "UIInterfaceOrientationLandscapeLeft UIInterfaceOrientationLandscapeRight UIInterfaceOrientationPortrait UIInterfaceOrientationPortraitUpsideDown";
				LD_RUNPATH_SEARCH_PATHS = (
					"$(inherited)",
					"@executable_path/Frameworks",
				);
				MARKETING_VERSION = 1.0;
				PRODUCT_BUNDLE_IDENTIFIER = "com.yvelazeMagariKompania.ge.Memes--Networking-";
				PRODUCT_NAME = "$(TARGET_NAME)";
				SWIFT_EMIT_LOC_STRINGS = YES;
				SWIFT_VERSION = 5.0;
				TARGETED_DEVICE_FAMILY = "1,2";
			};
			name = Release;
		};
/* End XCBuildConfiguration section */

/* Begin XCConfigurationList section */
		858412682A3BB1F4006B541F /* Build configuration list for PBXProject "Memes (Networking)" */ = {
			isa = XCConfigurationList;
			buildConfigurations = (
				8584127F2A3BB1F5006B541F /* Debug */,
				858412802A3BB1F5006B541F /* Release */,
			);
			defaultConfigurationIsVisible = 0;
			defaultConfigurationName = Release;
		};
		858412812A3BB1F5006B541F /* Build configuration list for PBXNativeTarget "Memes (Networking)" */ = {
			isa = XCConfigurationList;
			buildConfigurations = (
				858412822A3BB1F5006B541F /* Debug */,
				858412832A3BB1F5006B541F /* Release */,
			);
			defaultConfigurationIsVisible = 0;
			defaultConfigurationName = Release;
		};
/* End XCConfigurationList section */
	};
	rootObject = 858412652A3BB1F4006B541F /* Project object */;
}
